
Microsoft Visual Studio Solution File, Format Version 12.00
Project("{2150E333-8FDC-42A3-9474-1A3956D46DE8}") = "bundles", "bundles", "{299DD86D-A3EF-4FAB-922A-6F6FB32AA813}"
EndProject
Project("{2150E333-8FDC-42A3-9474-1A3956D46DE8}") = "modules-core", "modules-core", "{F4CAE397-0E79-4F73-802B-08A756C4828B}"
EndProject
Project("{2150E333-8FDC-42A3-9474-1A3956D46DE8}") = "modules-studio", "modules-studio", "{86E5194D-0D55-47D3-958F-F41E983BFC41}"
EndProject
Project("{FAE04EC0-301F-11D3-BF4B-00C04F79EFBC}") = "ZyphCare.Web", "src\bundles\ZyphCare.Web\ZyphCare.Web.csproj", "{5F1832FB-4626-4C49-8CD7-D32621F4AAE4}"
EndProject
Project("{FAE04EC0-301F-11D3-BF4B-00C04F79EFBC}") = "ZyphCare.Server", "src\bundles\ZyphCare.Server\ZyphCare.Server.csproj", "{2B514DBC-DFA7-4123-8186-5C1B0B67EEBC}"
EndProject
Project("{2150E333-8FDC-42A3-9474-1A3956D46DE8}") = "solution", "solution", "{375E6BE2-F0A3-460B-9B12-90433833A7C5}"
	ProjectSection(SolutionItems) = preProject
		Directory.Packages.props = Directory.Packages.props
		Directory.Build.props = Directory.Build.props
	EndProjectSection
EndProject
Project("{2150E333-8FDC-42A3-9474-1A3956D46DE8}") = "docker", "docker", "{68FFE4C0-8FE1-404D-9AF2-2E49DA2ACE1F}"
EndProject
Project("{2150E333-8FDC-42A3-9474-1A3956D46DE8}") = "src", "src", "{119FD4F3-5AAA-4784-B1FB-1EB9F27E973C}"
EndProject
Project("{2150E333-8FDC-42A3-9474-1A3956D46DE8}") = "tests", "tests", "{C84C5CEA-469F-420E-B3FA-B103402A0C74}"
EndProject
Project("{2150E333-8FDC-42A3-9474-1A3956D46DE8}") = "persistence", "persistence", "{93C1A262-64C2-427C-8C5A-F7B8805B82A8}"
EndProject
Project("{FAE04EC0-301F-11D3-BF4B-00C04F79EFBC}") = "ZyphCare.EntityFramework", "src\modules-core\ZyphCare.EntityFramework\ZyphCare.EntityFramework.csproj", "{1E37604B-CAC4-48EF-BDFF-8CAA7BBFD704}"
EndProject
Project("{2150E333-8FDC-42A3-9474-1A3956D46DE8}") = "common-core", "common-core", "{4DFDFB32-9D59-4DDB-B305-876B230C9055}"
EndProject
Project("{FAE04EC0-301F-11D3-BF4B-00C04F79EFBC}") = "ZyphCare.Common", "src\common-core\ZyphCare.Common\ZyphCare.Common.csproj", "{D92A30BE-CDA4-4F36-9D9D-92A33DF0AB54}"
EndProject
Project("{FAE04EC0-301F-11D3-BF4B-00C04F79EFBC}") = "ZyphCare.EntityFramework.Sqlite", "src\modules-core\ZyphCare.EntityFramework.Sqlite\ZyphCare.EntityFramework.Sqlite.csproj", "{B7E1E507-89DB-49A2-979B-F642B50A424B}"
EndProject
Project("{FAE04EC0-301F-11D3-BF4B-00C04F79EFBC}") = "ZyphCare.Aspects", "src\common-core\ZyphCare.Aspects\ZyphCare.Aspects.csproj", "{B134BA3B-4821-4C29-90E9-1CBBC2F38498}"
EndProject
Project("{FAE04EC0-301F-11D3-BF4B-00C04F79EFBC}") = "ZyphCare.EntityFramework.Common", "src\modules-core\ZyphCare.EntityFramework.Common\ZyphCare.EntityFramework.Common.csproj", "{1D3AC1ED-80BF-499E-9CD6-62995246514D}"
EndProject
Project("{2150E333-8FDC-42A3-9474-1A3956D46DE8}") = "modules-core", "modules-core", "{00F5577D-F614-49C1-8849-358479E99D60}"
EndProject
Project("{2150E333-8FDC-42A3-9474-1A3956D46DE8}") = "unit-tests", "unit-tests", "{319D9DCA-80CF-4AF7-833D-55DA962896E7}"
EndProject
Project("{FAE04EC0-301F-11D3-BF4B-00C04F79EFBC}") = "ZyphCare.EntityFramework.Tests", "src\test\ZyphCare.EntityFramework.Tests\ZyphCare.EntityFramework.Tests.csproj", "{8DBA6D7D-454F-4CDF-8A4D-4AF031C7FF1F}"
EndProject
Project("{2150E333-8FDC-42A3-9474-1A3956D46DE8}") = "github-workflows", "github-workflows", "{F9C698F0-65D3-4989-BB33-82754C0F7B65}"
	ProjectSection(SolutionItems) = preProject
		.github\workflows\build-test.yml = .github\workflows\build-test.yml
	EndProjectSection
EndProject
Project("{FAE04EC0-301F-11D3-BF4B-00C04F79EFBC}") = "ZyphCare.Api.Common", "src\common-core\ZyphCare.Api.Common\ZyphCare.Api.Common.csproj", "{D7E19663-E10F-48DA-BF63-BCB9B5A7B905}"
EndProject
Project("{2150E333-8FDC-42A3-9474-1A3956D46DE8}") = "common-web", "common-web", "{E5B45DD1-5CC5-46B3-9485-1E3F097315C0}"
EndProject
Project("{FAE04EC0-301F-11D3-BF4B-00C04F79EFBC}") = "ZyphCare.Web.Core", "src\common-web\ZyphCare.Web.Core\ZyphCare.Web.Core.csproj", "{BDF0D6CA-E7EE-441E-AB7A-05C4DF21CE69}"
EndProject
Project("{2150E333-8FDC-42A3-9474-1A3956D46DE8}") = "clients", "clients", "{21A7F941-61BE-494A-9FE4-B992CFBA844B}"
EndProject
Project("{FAE04EC0-301F-11D3-BF4B-00C04F79EFBC}") = "ZyphCare.Api.Client", "src\clients\ZyphCare.Api.Client\ZyphCare.Api.Client.csproj", "{FAC95F6E-E795-44C5-AEC9-0CD2978425FC}"
EndProject
Project("{FAE04EC0-301F-11D3-BF4B-00C04F79EFBC}") = "ZyphCare.Web.Identity", "src\common-web\ZyphCare.Web.Identity\ZyphCare.Web.Identity.csproj", "{FBFA932F-91A4-4997-A336-810560A8576C}"
EndProject
Project("{FAE04EC0-301F-11D3-BF4B-00C04F79EFBC}") = "ZyphCare.Studio.Dashboard", "src\modules-web\ZyphCare.Studio.Dashboard\ZyphCare.Studio.Dashboard.csproj", "{92F03A01-691E-4983-83AE-FB7FED833EE1}"
EndProject
Global
	GlobalSection(SolutionConfigurationPlatforms) = preSolution
		Debug|Any CPU = Debug|Any CPU
		Release|Any CPU = Release|Any CPU
	EndGlobalSection
	GlobalSection(NestedProjects) = preSolution
		{5F1832FB-4626-4C49-8CD7-D32621F4AAE4} = {299DD86D-A3EF-4FAB-922A-6F6FB32AA813}
		{2B514DBC-DFA7-4123-8186-5C1B0B67EEBC} = {299DD86D-A3EF-4FAB-922A-6F6FB32AA813}
		{F4CAE397-0E79-4F73-802B-08A756C4828B} = {119FD4F3-5AAA-4784-B1FB-1EB9F27E973C}
		{86E5194D-0D55-47D3-958F-F41E983BFC41} = {119FD4F3-5AAA-4784-B1FB-1EB9F27E973C}
		{299DD86D-A3EF-4FAB-922A-6F6FB32AA813} = {119FD4F3-5AAA-4784-B1FB-1EB9F27E973C}
		{93C1A262-64C2-427C-8C5A-F7B8805B82A8} = {F4CAE397-0E79-4F73-802B-08A756C4828B}
		{1E37604B-CAC4-48EF-BDFF-8CAA7BBFD704} = {93C1A262-64C2-427C-8C5A-F7B8805B82A8}
		{4DFDFB32-9D59-4DDB-B305-876B230C9055} = {119FD4F3-5AAA-4784-B1FB-1EB9F27E973C}
		{D92A30BE-CDA4-4F36-9D9D-92A33DF0AB54} = {4DFDFB32-9D59-4DDB-B305-876B230C9055}
		{B7E1E507-89DB-49A2-979B-F642B50A424B} = {93C1A262-64C2-427C-8C5A-F7B8805B82A8}
		{B134BA3B-4821-4C29-90E9-1CBBC2F38498} = {4DFDFB32-9D59-4DDB-B305-876B230C9055}
		{1D3AC1ED-80BF-499E-9CD6-62995246514D} = {93C1A262-64C2-427C-8C5A-F7B8805B82A8}
		{319D9DCA-80CF-4AF7-833D-55DA962896E7} = {C84C5CEA-469F-420E-B3FA-B103402A0C74}
		{00F5577D-F614-49C1-8849-358479E99D60} = {319D9DCA-80CF-4AF7-833D-55DA962896E7}
		{8DBA6D7D-454F-4CDF-8A4D-4AF031C7FF1F} = {00F5577D-F614-49C1-8849-358479E99D60}
		{D7E19663-E10F-48DA-BF63-BCB9B5A7B905} = {4DFDFB32-9D59-4DDB-B305-876B230C9055}
		{E5B45DD1-5CC5-46B3-9485-1E3F097315C0} = {119FD4F3-5AAA-4784-B1FB-1EB9F27E973C}
		{BDF0D6CA-E7EE-441E-AB7A-05C4DF21CE69} = {E5B45DD1-5CC5-46B3-9485-1E3F097315C0}
		{21A7F941-61BE-494A-9FE4-B992CFBA844B} = {119FD4F3-5AAA-4784-B1FB-1EB9F27E973C}
		{FAC95F6E-E795-44C5-AEC9-0CD2978425FC} = {21A7F941-61BE-494A-9FE4-B992CFBA844B}
		{FBFA932F-91A4-4997-A336-810560A8576C} = {E5B45DD1-5CC5-46B3-9485-1E3F097315C0}
		{92F03A01-691E-4983-83AE-FB7FED833EE1} = {86E5194D-0D55-47D3-958F-F41E983BFC41}
	EndGlobalSection
	GlobalSection(ProjectConfigurationPlatforms) = postSolution
		{5F1832FB-4626-4C49-8CD7-D32621F4AAE4}.Debug|Any CPU.ActiveCfg = Debug|Any CPU
		{5F1832FB-4626-4C49-8CD7-D32621F4AAE4}.Debug|Any CPU.Build.0 = Debug|Any CPU
		{5F1832FB-4626-4C49-8CD7-D32621F4AAE4}.Release|Any CPU.ActiveCfg = Release|Any CPU
		{5F1832FB-4626-4C49-8CD7-D32621F4AAE4}.Release|Any CPU.Build.0 = Release|Any CPU
		{2B514DBC-DFA7-4123-8186-5C1B0B67EEBC}.Debug|Any CPU.ActiveCfg = Debug|Any CPU
		{2B514DBC-DFA7-4123-8186-5C1B0B67EEBC}.Debug|Any CPU.Build.0 = Debug|Any CPU
		{2B514DBC-DFA7-4123-8186-5C1B0B67EEBC}.Release|Any CPU.ActiveCfg = Release|Any CPU
		{2B514DBC-DFA7-4123-8186-5C1B0B67EEBC}.Release|Any CPU.Build.0 = Release|Any CPU
		{1E37604B-CAC4-48EF-BDFF-8CAA7BBFD704}.Debug|Any CPU.ActiveCfg = Debug|Any CPU
		{1E37604B-CAC4-48EF-BDFF-8CAA7BBFD704}.Debug|Any CPU.Build.0 = Debug|Any CPU
		{1E37604B-CAC4-48EF-BDFF-8CAA7BBFD704}.Release|Any CPU.ActiveCfg = Release|Any CPU
		{1E37604B-CAC4-48EF-BDFF-8CAA7BBFD704}.Release|Any CPU.Build.0 = Release|Any CPU
		{D92A30BE-CDA4-4F36-9D9D-92A33DF0AB54}.Debug|Any CPU.ActiveCfg = Debug|Any CPU
		{D92A30BE-CDA4-4F36-9D9D-92A33DF0AB54}.Debug|Any CPU.Build.0 = Debug|Any CPU
		{D92A30BE-CDA4-4F36-9D9D-92A33DF0AB54}.Release|Any CPU.ActiveCfg = Release|Any CPU
		{D92A30BE-CDA4-4F36-9D9D-92A33DF0AB54}.Release|Any CPU.Build.0 = Release|Any CPU
		{B7E1E507-89DB-49A2-979B-F642B50A424B}.Debug|Any CPU.ActiveCfg = Debug|Any CPU
		{B7E1E507-89DB-49A2-979B-F642B50A424B}.Debug|Any CPU.Build.0 = Debug|Any CPU
		{B7E1E507-89DB-49A2-979B-F642B50A424B}.Release|Any CPU.ActiveCfg = Release|Any CPU
		{B7E1E507-89DB-49A2-979B-F642B50A424B}.Release|Any CPU.Build.0 = Release|Any CPU
		{B134BA3B-4821-4C29-90E9-1CBBC2F38498}.Debug|Any CPU.ActiveCfg = Debug|Any CPU
		{B134BA3B-4821-4C29-90E9-1CBBC2F38498}.Debug|Any CPU.Build.0 = Debug|Any CPU
		{B134BA3B-4821-4C29-90E9-1CBBC2F38498}.Release|Any CPU.ActiveCfg = Release|Any CPU
		{B134BA3B-4821-4C29-90E9-1CBBC2F38498}.Release|Any CPU.Build.0 = Release|Any CPU
		{1D3AC1ED-80BF-499E-9CD6-62995246514D}.Debug|Any CPU.ActiveCfg = Debug|Any CPU
		{1D3AC1ED-80BF-499E-9CD6-62995246514D}.Debug|Any CPU.Build.0 = Debug|Any CPU
		{1D3AC1ED-80BF-499E-9CD6-62995246514D}.Release|Any CPU.ActiveCfg = Release|Any CPU
		{1D3AC1ED-80BF-499E-9CD6-62995246514D}.Release|Any CPU.Build.0 = Release|Any CPU
		{8DBA6D7D-454F-4CDF-8A4D-4AF031C7FF1F}.Debug|Any CPU.ActiveCfg = Debug|Any CPU
		{8DBA6D7D-454F-4CDF-8A4D-4AF031C7FF1F}.Debug|Any CPU.Build.0 = Debug|Any CPU
		{8DBA6D7D-454F-4CDF-8A4D-4AF031C7FF1F}.Release|Any CPU.ActiveCfg = Release|Any CPU
		{8DBA6D7D-454F-4CDF-8A4D-4AF031C7FF1F}.Release|Any CPU.Build.0 = Release|Any CPU
		{D7E19663-E10F-48DA-BF63-BCB9B5A7B905}.Debug|Any CPU.ActiveCfg = Debug|Any CPU
		{D7E19663-E10F-48DA-BF63-BCB9B5A7B905}.Debug|Any CPU.Build.0 = Debug|Any CPU
		{D7E19663-E10F-48DA-BF63-BCB9B5A7B905}.Release|Any CPU.ActiveCfg = Release|Any CPU
		{D7E19663-E10F-48DA-BF63-BCB9B5A7B905}.Release|Any CPU.Build.0 = Release|Any CPU
		{BDF0D6CA-E7EE-441E-AB7A-05C4DF21CE69}.Debug|Any CPU.ActiveCfg = Debug|Any CPU
		{BDF0D6CA-E7EE-441E-AB7A-05C4DF21CE69}.Debug|Any CPU.Build.0 = Debug|Any CPU
		{BDF0D6CA-E7EE-441E-AB7A-05C4DF21CE69}.Release|Any CPU.ActiveCfg = Release|Any CPU
		{BDF0D6CA-E7EE-441E-AB7A-05C4DF21CE69}.Release|Any CPU.Build.0 = Release|Any CPU
		{FAC95F6E-E795-44C5-AEC9-0CD2978425FC}.Debug|Any CPU.ActiveCfg = Debug|Any CPU
		{FAC95F6E-E795-44C5-AEC9-0CD2978425FC}.Debug|Any CPU.Build.0 = Debug|Any CPU
		{FAC95F6E-E795-44C5-AEC9-0CD2978425FC}.Release|Any CPU.ActiveCfg = Release|Any CPU
		{FAC95F6E-E795-44C5-AEC9-0CD2978425FC}.Release|Any CPU.Build.0 = Release|Any CPU
		{FBFA932F-91A4-4997-A336-810560A8576C}.Debug|Any CPU.ActiveCfg = Debug|Any CPU
		{FBFA932F-91A4-4997-A336-810560A8576C}.Debug|Any CPU.Build.0 = Debug|Any CPU
		{FBFA932F-91A4-4997-A336-810560A8576C}.Release|Any CPU.ActiveCfg = Release|Any CPU
		{FBFA932F-91A4-4997-A336-810560A8576C}.Release|Any CPU.Build.0 = Release|Any CPU
		{92F03A01-691E-4983-83AE-FB7FED833EE1}.Debug|Any CPU.ActiveCfg = Debug|Any CPU
		{92F03A01-691E-4983-83AE-FB7FED833EE1}.Debug|Any CPU.Build.0 = Debug|Any CPU
		{92F03A01-691E-4983-83AE-FB7FED833EE1}.Release|Any CPU.ActiveCfg = Release|Any CPU
		{92F03A01-691E-4983-83AE-FB7FED833EE1}.Release|Any CPU.Build.0 = Release|Any CPU
	EndGlobalSection
EndGlobal
